
Microsoft Visual Studio Solution File, Format Version 12.00
# Visual Studio 14
VisualStudioVersion = 14.0.24720.0
MinimumVisualStudioVersion = 10.0.40219.1
Project("{FAE04EC0-301F-11D3-BF4B-00C04F79EFBC}") = "Qo.Web", "Qo.Web\Qo.Web.csproj", "{7A261D78-25D6-4FF9-9CB9-EAB0FB6DFA4C}"
EndProject
Project("{FAE04EC0-301F-11D3-BF4B-00C04F79EFBC}") = "Qo.Parsing", "Qo.Parsing\Qo.Parsing.csproj", "{8C24A10B-20E9-440C-B57A-202DF88982E8}"
EndProject
Global
	GlobalSection(SolutionConfigurationPlatforms) = preSolution
		Debug|Any CPU = Debug|Any CPU
		Release|Any CPU = Release|Any CPU
	EndGlobalSection
	GlobalSection(ProjectConfigurationPlatforms) = postSolution
		{7A261D78-25D6-4FF9-9CB9-EAB0FB6DFA4C}.Debug|Any CPU.ActiveCfg = Debug|Any CPU
		{7A261D78-25D6-4FF9-9CB9-EAB0FB6DFA4C}.Debug|Any CPU.Build.0 = Debug|Any CPU
		{7A261D78-25D6-4FF9-9CB9-EAB0FB6DFA4C}.Release|Any CPU.ActiveCfg = Release|Any CPU
		{7A261D78-25D6-4FF9-9CB9-EAB0FB6DFA4C}.Release|Any CPU.Build.0 = Release|Any CPU
		{8C24A10B-20E9-440C-B57A-202DF88982E8}.Debug|Any CPU.ActiveCfg = Debug|Any CPU
		{8C24A10B-20E9-440C-B57A-202DF88982E8}.Debug|Any CPU.Build.0 = Debug|Any CPU
		{8C24A10B-20E9-440C-B57A-202DF88982E8}.Release|Any CPU.ActiveCfg = Release|Any CPU
		{8C24A10B-20E9-440C-B57A-202DF88982E8}.Release|Any CPU.Build.0 = Release|Any CPU
	EndGlobalSection
	GlobalSection(SolutionProperties) = preSolution
		HideSolutionNode = FALSE
	EndGlobalSection
EndGlobal
